
Microsoft Visual Studio Solution File, Format Version 12.00
# Visual Studio 15
VisualStudioVersion = 15.0.27130.2026
MinimumVisualStudioVersion = 10.0.40219.1
Project("{FAE04EC0-301F-11D3-BF4B-00C04F79EFBC}") = "CursoFeriasSMN", "CursoFeriasSMN\CursoFeriasSMN.csproj", "{1DC1B9EB-0E90-4875-A080-797CFB13D4E4}"
EndProject
Project("{2150E333-8FDC-42A3-9474-1A3956D46DE8}") = "Web", "Web", "{52FC182D-FBE0-4742-A044-BDCE08791446}"
EndProject
Project("{2150E333-8FDC-42A3-9474-1A3956D46DE8}") = "Application", "Application", "{A67F5B8A-47D8-4A24-A50E-F590B1FF9459}"
EndProject
Project("{2150E333-8FDC-42A3-9474-1A3956D46DE8}") = "Api", "Api", "{F49C5989-4AF1-4100-B8EC-A6C8C3587BE3}"
EndProject
Project("{2150E333-8FDC-42A3-9474-1A3956D46DE8}") = "Domain", "Domain", "{BBFD9F45-86B7-4F8F-A2E1-0E5B97402A2B}"
EndProject
Project("{2150E333-8FDC-42A3-9474-1A3956D46DE8}") = "Infra", "Infra", "{3CF6854C-00D3-4444-9314-0C46DD78893D}"
EndProject
Project("{FAE04EC0-301F-11D3-BF4B-00C04F79EFBC}") = "ProjetoSMN.Api", "ProjetoSMN.Api\ProjetoSMN.Api.csproj", "{67AA14D9-847A-42CA-B4DD-7E71C60B7D79}"
EndProject
Project("{FAE04EC0-301F-11D3-BF4B-00C04F79EFBC}") = "CursoFeriasSMN.Repository", "CursoFeriasSMN.Repository\CursoFeriasSMN.Repository.csproj", "{B1EC693B-D91E-4FF0-8AA8-A96344EDA684}"
EndProject
Project("{FAE04EC0-301F-11D3-BF4B-00C04F79EFBC}") = "CursoFeriasSMN.Domain", "ProjetoSMN.Domain\CursoFeriasSMN.Domain.csproj", "{7ED06163-A0E6-4CBC-B17D-4CC9B7C00E5F}"
EndProject
Project("{FAE04EC0-301F-11D3-BF4B-00C04F79EFBC}") = "CursoFeriasSMN.Application", "CursoFeriasSMN.Application\CursoFeriasSMN.Application.csproj", "{08B3622F-5E1D-45B8-93BF-7DB20C7286EE}"
EndProject
Global
	GlobalSection(SolutionConfigurationPlatforms) = preSolution
		Debug|Any CPU = Debug|Any CPU
		Release|Any CPU = Release|Any CPU
	EndGlobalSection
	GlobalSection(ProjectConfigurationPlatforms) = postSolution
		{1DC1B9EB-0E90-4875-A080-797CFB13D4E4}.Debug|Any CPU.ActiveCfg = Debug|Any CPU
		{1DC1B9EB-0E90-4875-A080-797CFB13D4E4}.Debug|Any CPU.Build.0 = Debug|Any CPU
		{1DC1B9EB-0E90-4875-A080-797CFB13D4E4}.Release|Any CPU.ActiveCfg = Release|Any CPU
		{1DC1B9EB-0E90-4875-A080-797CFB13D4E4}.Release|Any CPU.Build.0 = Release|Any CPU
		{67AA14D9-847A-42CA-B4DD-7E71C60B7D79}.Debug|Any CPU.ActiveCfg = Debug|Any CPU
		{67AA14D9-847A-42CA-B4DD-7E71C60B7D79}.Debug|Any CPU.Build.0 = Debug|Any CPU
		{67AA14D9-847A-42CA-B4DD-7E71C60B7D79}.Release|Any CPU.ActiveCfg = Release|Any CPU
		{67AA14D9-847A-42CA-B4DD-7E71C60B7D79}.Release|Any CPU.Build.0 = Release|Any CPU
		{B1EC693B-D91E-4FF0-8AA8-A96344EDA684}.Debug|Any CPU.ActiveCfg = Debug|Any CPU
		{B1EC693B-D91E-4FF0-8AA8-A96344EDA684}.Debug|Any CPU.Build.0 = Debug|Any CPU
		{B1EC693B-D91E-4FF0-8AA8-A96344EDA684}.Release|Any CPU.ActiveCfg = Release|Any CPU
		{B1EC693B-D91E-4FF0-8AA8-A96344EDA684}.Release|Any CPU.Build.0 = Release|Any CPU
		{7ED06163-A0E6-4CBC-B17D-4CC9B7C00E5F}.Debug|Any CPU.ActiveCfg = Debug|Any CPU
		{7ED06163-A0E6-4CBC-B17D-4CC9B7C00E5F}.Debug|Any CPU.Build.0 = Debug|Any CPU
		{7ED06163-A0E6-4CBC-B17D-4CC9B7C00E5F}.Release|Any CPU.ActiveCfg = Release|Any CPU
		{7ED06163-A0E6-4CBC-B17D-4CC9B7C00E5F}.Release|Any CPU.Build.0 = Release|Any CPU
		{08B3622F-5E1D-45B8-93BF-7DB20C7286EE}.Debug|Any CPU.ActiveCfg = Debug|Any CPU
		{08B3622F-5E1D-45B8-93BF-7DB20C7286EE}.Debug|Any CPU.Build.0 = Debug|Any CPU
		{08B3622F-5E1D-45B8-93BF-7DB20C7286EE}.Release|Any CPU.ActiveCfg = Release|Any CPU
		{08B3622F-5E1D-45B8-93BF-7DB20C7286EE}.Release|Any CPU.Build.0 = Release|Any CPU
	EndGlobalSection
	GlobalSection(SolutionProperties) = preSolution
		HideSolutionNode = FALSE
	EndGlobalSection
	GlobalSection(NestedProjects) = preSolution
		{1DC1B9EB-0E90-4875-A080-797CFB13D4E4} = {52FC182D-FBE0-4742-A044-BDCE08791446}
		{67AA14D9-847A-42CA-B4DD-7E71C60B7D79} = {F49C5989-4AF1-4100-B8EC-A6C8C3587BE3}
		{B1EC693B-D91E-4FF0-8AA8-A96344EDA684} = {3CF6854C-00D3-4444-9314-0C46DD78893D}
		{7ED06163-A0E6-4CBC-B17D-4CC9B7C00E5F} = {BBFD9F45-86B7-4F8F-A2E1-0E5B97402A2B}
		{08B3622F-5E1D-45B8-93BF-7DB20C7286EE} = {A67F5B8A-47D8-4A24-A50E-F590B1FF9459}
	EndGlobalSection
	GlobalSection(ExtensibilityGlobals) = postSolution
		SolutionGuid = {8A286957-6D67-43DF-8426-7EEB2A835A21}
	EndGlobalSection
EndGlobal
